
Microsoft Visual Studio Solution File, Format Version 12.00
# Visual Studio 15
VisualStudioVersion = 15.0.26730.10
MinimumVisualStudioVersion = 10.0.40219.1
Project("{FAE04EC0-301F-11D3-BF4B-00C04F79EFBC}") = "Utopia Trips", "Utopia Trips\Utopia Trips.csproj", "{5E796578-5BF4-4628-9241-F89CB4F80F3C}"
EndProject
Global
	GlobalSection(SolutionConfigurationPlatforms) = preSolution
		Debug|Any CPU = Debug|Any CPU
		Release|Any CPU = Release|Any CPU
	EndGlobalSection
	GlobalSection(ProjectConfigurationPlatforms) = postSolution
		{5E796578-5BF4-4628-9241-F89CB4F80F3C}.Debug|Any CPU.ActiveCfg = Debug|Any CPU
		{5E796578-5BF4-4628-9241-F89CB4F80F3C}.Debug|Any CPU.Build.0 = Debug|Any CPU
		{5E796578-5BF4-4628-9241-F89CB4F80F3C}.Release|Any CPU.ActiveCfg = Release|Any CPU
		{5E796578-5BF4-4628-9241-F89CB4F80F3C}.Release|Any CPU.Build.0 = Release|Any CPU
	EndGlobalSection
	GlobalSection(SolutionProperties) = preSolution
		HideSolutionNode = FALSE
	EndGlobalSection
	GlobalSection(ExtensibilityGlobals) = postSolution
		SolutionGuid = {D3FD489A-A039-40CF-A001-F3D49C9AED8B}
	EndGlobalSection
EndGlobal
